
Microsoft Visual Studio Solution File, Format Version 12.00
# Visual Studio Version 16
VisualStudioVersion = 16.0.30611.23
MinimumVisualStudioVersion = 10.0.40219.1
Project("{FAE04EC0-301F-11D3-BF4B-00C04F79EFBC}") = "CurseForgeToMultiMC", "CurseForgeToMultiMC\CurseForgeToMultiMC.csproj", "{92AE641C-F9F1-4CA7-BE84-997C1AA48FAA}"
EndProject
Project("{FAE04EC0-301F-11D3-BF4B-00C04F79EFBC}") = "MultiMCToSteamRomManager", "MultiMCToSteamRomManager\MultiMCToSteamRomManager.csproj", "{7B229C32-3017-441F-830A-6690E8599DE7}"
EndProject
Global
	GlobalSection(SolutionConfigurationPlatforms) = preSolution
		Debug|Any CPU = Debug|Any CPU
		Release|Any CPU = Release|Any CPU
	EndGlobalSection
	GlobalSection(ProjectConfigurationPlatforms) = postSolution
		{92AE641C-F9F1-4CA7-BE84-997C1AA48FAA}.Debug|Any CPU.ActiveCfg = Debug|Any CPU
		{92AE641C-F9F1-4CA7-BE84-997C1AA48FAA}.Debug|Any CPU.Build.0 = Debug|Any CPU
		{92AE641C-F9F1-4CA7-BE84-997C1AA48FAA}.Release|Any CPU.ActiveCfg = Release|Any CPU
		{92AE641C-F9F1-4CA7-BE84-997C1AA48FAA}.Release|Any CPU.Build.0 = Release|Any CPU
		{7B229C32-3017-441F-830A-6690E8599DE7}.Debug|Any CPU.ActiveCfg = Debug|Any CPU
		{7B229C32-3017-441F-830A-6690E8599DE7}.Debug|Any CPU.Build.0 = Debug|Any CPU
		{7B229C32-3017-441F-830A-6690E8599DE7}.Release|Any CPU.ActiveCfg = Release|Any CPU
		{7B229C32-3017-441F-830A-6690E8599DE7}.Release|Any CPU.Build.0 = Release|Any CPU
	EndGlobalSection
	GlobalSection(SolutionProperties) = preSolution
		HideSolutionNode = FALSE
	EndGlobalSection
	GlobalSection(ExtensibilityGlobals) = postSolution
		SolutionGuid = {94CD89E6-5AA2-4949-9337-9D1CCBD7E92D}
	EndGlobalSection
EndGlobal
